
Microsoft Visual Studio Solution File, Format Version 12.00
# Visual Studio Version 16
VisualStudioVersion = 16.0.29613.14
MinimumVisualStudioVersion = 10.0.40219.1
Project("{FAE04EC0-301F-11D3-BF4B-00C04F79EFBC}") = "MUE.Web", "MUE.Web\MUE.Web.csproj", "{628FB322-FE9F-4B59-A9F8-30BD078349B5}"
EndProject
Global
	GlobalSection(SolutionConfigurationPlatforms) = preSolution
		Debug|Any CPU = Debug|Any CPU
		Release|Any CPU = Release|Any CPU
	EndGlobalSection
	GlobalSection(ProjectConfigurationPlatforms) = postSolution
		{628FB322-FE9F-4B59-A9F8-30BD078349B5}.Debug|Any CPU.ActiveCfg = Debug|Any CPU
		{628FB322-FE9F-4B59-A9F8-30BD078349B5}.Debug|Any CPU.Build.0 = Debug|Any CPU
		{628FB322-FE9F-4B59-A9F8-30BD078349B5}.Release|Any CPU.ActiveCfg = Release|Any CPU
		{628FB322-FE9F-4B59-A9F8-30BD078349B5}.Release|Any CPU.Build.0 = Release|Any CPU
	EndGlobalSection
	GlobalSection(SolutionProperties) = preSolution
		HideSolutionNode = FALSE
	EndGlobalSection
	GlobalSection(ExtensibilityGlobals) = postSolution
		SolutionGuid = {DE04100E-21C3-4702-92A5-8D144F0260D4}
	EndGlobalSection
EndGlobal
